
Microsoft Visual Studio Solution File, Format Version 12.00
# Visual Studio 15
VisualStudioVersion = 15.0.28307.102
MinimumVisualStudioVersion = 10.0.40219.1
Project("{888888A0-9F3D-457C-B088-3A5042F75D52}") = "ALtBabylonProject", "BabylonProject\AltBabylonProject.pyproj", "{1E0CE089-4183-4BC0-85DC-61F4E3BD5AA0}"
EndProject
Global
	GlobalSection(SolutionConfigurationPlatforms) = preSolution
		Debug|Any CPU = Debug|Any CPU
		Release|Any CPU = Release|Any CPU
	EndGlobalSection
	GlobalSection(ProjectConfigurationPlatforms) = postSolution
		{1E0CE089-4183-4BC0-85DC-61F4E3BD5AA0}.Debug|Any CPU.ActiveCfg = Debug|Any CPU
		{1E0CE089-4183-4BC0-85DC-61F4E3BD5AA0}.Release|Any CPU.ActiveCfg = Release|Any CPU
	EndGlobalSection
	GlobalSection(SolutionProperties) = preSolution
		HideSolutionNode = FALSE
	EndGlobalSection
	GlobalSection(ExtensibilityGlobals) = postSolution
		SolutionGuid = {B7B48531-3016-4054-A4F8-1A1C2D60BE88}
	EndGlobalSection
EndGlobal
